
Microsoft Visual Studio Solution File, Format Version 12.00
# Visual Studio Version 17
VisualStudioVersion = 17.3.32819.101
MinimumVisualStudioVersion = 10.0.40219.1
Project("{FAE04EC0-301F-11D3-BF4B-00C04F79EFBC}") = "helloWorld", "helloWorld.csproj", "{1AAB6E97-D66E-4C4C-B12D-F90FBF0B1B23}"
EndProject
Global
	GlobalSection(SolutionConfigurationPlatforms) = preSolution
		Debug|Any CPU = Debug|Any CPU
		Release|Any CPU = Release|Any CPU
	EndGlobalSection
	GlobalSection(ProjectConfigurationPlatforms) = postSolution
		{1AAB6E97-D66E-4C4C-B12D-F90FBF0B1B23}.Debug|Any CPU.ActiveCfg = Debug|Any CPU
		{1AAB6E97-D66E-4C4C-B12D-F90FBF0B1B23}.Debug|Any CPU.Build.0 = Debug|Any CPU
		{1AAB6E97-D66E-4C4C-B12D-F90FBF0B1B23}.Release|Any CPU.ActiveCfg = Release|Any CPU
		{1AAB6E97-D66E-4C4C-B12D-F90FBF0B1B23}.Release|Any CPU.Build.0 = Release|Any CPU
	EndGlobalSection
	GlobalSection(SolutionProperties) = preSolution
		HideSolutionNode = FALSE
	EndGlobalSection
	GlobalSection(ExtensibilityGlobals) = postSolution
		SolutionGuid = {F1EF8E51-7A9F-48AF-BB41-A76B598E9D14}
	EndGlobalSection
EndGlobal
